
Microsoft Visual Studio Solution File, Format Version 12.00
# Visual Studio Version 18
VisualStudioVersion = 18.6.11819.183 stable
MinimumVisualStudioVersion = 10.0.40219.1
Project("{FAE04EC0-301F-11D3-BF4B-00C04F79EFBC}") = "HigherCapacityTransformers", "HigherCapacityTransformers\HigherCapacityTransformers.csproj", "{EBF73165-D45F-4C43-BB8A-A5C19C18541B}"
EndProject
Global
	GlobalSection(SolutionConfigurationPlatforms) = preSolution
		Debug|Any CPU = Debug|Any CPU
		Release|Any CPU = Release|Any CPU
	EndGlobalSection
	GlobalSection(ProjectConfigurationPlatforms) = postSolution
		{EBF73165-D45F-4C43-BB8A-A5C19C18541B}.Debug|Any CPU.ActiveCfg = Debug|Any CPU
		{EBF73165-D45F-4C43-BB8A-A5C19C18541B}.Debug|Any CPU.Build.0 = Debug|Any CPU
		{EBF73165-D45F-4C43-BB8A-A5C19C18541B}.Release|Any CPU.ActiveCfg = Release|Any CPU
		{EBF73165-D45F-4C43-BB8A-A5C19C18541B}.Release|Any CPU.Build.0 = Release|Any CPU
	EndGlobalSection
	GlobalSection(SolutionProperties) = preSolution
		HideSolutionNode = FALSE
	EndGlobalSection
	GlobalSection(ExtensibilityGlobals) = postSolution
		SolutionGuid = {BB246A09-E65D-4F7A-9623-B52058B6CBF9}
	EndGlobalSection
EndGlobal
